// !$*UTF8*$!
{
	archiveVersion = 1;
	classes = {
	};
	objectVersion = 55;
	objects = {

/* Begin PBXBuildFile section */
		BD147D502899C7D7001B190D /* AppDelegate.swift in Sources */ = {isa = PBXBuildFile; fileRef = BD147D4F2899C7D7001B190D /* AppDelegate.swift */; };
		BD147D522899C7D7001B190D /* SceneDelegate.swift in Sources */ = {isa = PBXBuildFile; fileRef = BD147D512899C7D7001B190D /* SceneDelegate.swift */; };
		BD147D542899C7D7001B190D /* ViewController.swift in Sources */ = {isa = PBXBuildFile; fileRef = BD147D532899C7D7001B190D /* ViewController.swift */; };
		BD147D572899C7D7001B190D /* Main.storyboard in Resources */ = {isa = PBXBuildFile; fileRef = BD147D552899C7D7001B190D /* Main.storyboard */; };
		BD147D5A2899C7D7001B190D /* PopPop_project.xcdatamodeld in Sources */ = {isa = PBXBuildFile; fileRef = BD147D582899C7D7001B190D /* PopPop_project.xcdatamodeld */; };
		BD147D5C2899C7D7001B190D /* Assets.xcassets in Resources */ = {isa = PBXBuildFile; fileRef = BD147D5B2899C7D7001B190D /* Assets.xcassets */; };
		BD147D5F2899C7D7001B190D /* LaunchScreen.storyboard in Resources */ = {isa = PBXBuildFile; fileRef = BD147D5D2899C7D7001B190D /* LaunchScreen.storyboard */; };
		BD147D6A2899C7D7001B190D /* PopPop_projectTests.swift in Sources */ = {isa = PBXBuildFile; fileRef = BD147D692899C7D7001B190D /* PopPop_projectTests.swift */; };
		BD147D742899C7D7001B190D /* PopPop_projectUITests.swift in Sources */ = {isa = PBXBuildFile; fileRef = BD147D732899C7D7001B190D /* PopPop_projectUITests.swift */; };
		BD147D762899C7D7001B190D /* PopPop_projectUITestsLaunchTests.swift in Sources */ = {isa = PBXBuildFile; fileRef = BD147D752899C7D7001B190D /* PopPop_projectUITestsLaunchTests.swift */; };
		BD147D832899EC16001B190D /* concertnearViewController.swift in Sources */ = {isa = PBXBuildFile; fileRef = BD147D822899EC16001B190D /* concertnearViewController.swift */; };
		BD147D852899EC52001B190D /* artistpageViewController.swift in Sources */ = {isa = PBXBuildFile; fileRef = BD147D842899EC52001B190D /* artistpageViewController.swift */; };
		BD147D872899EC76001B190D /* tourdateViewController.swift in Sources */ = {isa = PBXBuildFile; fileRef = BD147D862899EC76001B190D /* tourdateViewController.swift */; };
		BD147D892899EC8E001B190D /* venueinfoViewController.swift in Sources */ = {isa = PBXBuildFile; fileRef = BD147D882899EC8E001B190D /* venueinfoViewController.swift */; };
		BD147D8B2899ED33001B190D /* archiveViewController.swift in Sources */ = {isa = PBXBuildFile; fileRef = BD147D8A2899ED33001B190D /* archiveViewController.swift */; };
/* End PBXBuildFile section */

/* Begin PBXContainerItemProxy section */
		BD147D662899C7D7001B190D /* PBXContainerItemProxy */ = {
			isa = PBXContainerItemProxy;
			containerPortal = BD147D442899C7D7001B190D /* Project object */;
			proxyType = 1;
			remoteGlobalIDString = BD147D4B2899C7D7001B190D;
			remoteInfo = PopPop_project;
		};
		BD147D702899C7D7001B190D /* PBXContainerItemProxy */ = {
			isa = PBXContainerItemProxy;
			containerPortal = BD147D442899C7D7001B190D /* Project object */;
			proxyType = 1;
			remoteGlobalIDString = BD147D4B2899C7D7001B190D;
			remoteInfo = PopPop_project;
		};
/* End PBXContainerItemProxy section */

/* Begin PBXFileReference section */
		BD147D4C2899C7D7001B190D /* PopPop_project.app */ = {isa = PBXFileReference; explicitFileType = wrapper.application; includeInIndex = 0; path = PopPop_project.app; sourceTree = BUILT_PRODUCTS_DIR; };
		BD147D4F2899C7D7001B190D /* AppDelegate.swift */ = {isa = PBXFileReference; lastKnownFileType = sourcecode.swift; path = AppDelegate.swift; sourceTree = "<group>"; };
		BD147D512899C7D7001B190D /* SceneDelegate.swift */ = {isa = PBXFileReference; lastKnownFileType = sourcecode.swift; path = SceneDelegate.swift; sourceTree = "<group>"; };
		BD147D532899C7D7001B190D /* ViewController.swift */ = {isa = PBXFileReference; lastKnownFileType = sourcecode.swift; path = ViewController.swift; sourceTree = "<group>"; };
		BD147D562899C7D7001B190D /* Base */ = {isa = PBXFileReference; lastKnownFileType = file.storyboard; name = Base; path = Base.lproj/Main.storyboard; sourceTree = "<group>"; };
		BD147D592899C7D7001B190D /* PopPop_project.xcdatamodel */ = {isa = PBXFileReference; lastKnownFileType = wrapper.xcdatamodel; path = PopPop_project.xcdatamodel; sourceTree = "<group>"; };
		BD147D5B2899C7D7001B190D /* Assets.xcassets */ = {isa = PBXFileReference; lastKnownFileType = folder.assetcatalog; path = Assets.xcassets; sourceTree = "<group>"; };
		BD147D5E2899C7D7001B190D /* Base */ = {isa = PBXFileReference; lastKnownFileType = file.storyboard; name = Base; path = Base.lproj/LaunchScreen.storyboard; sourceTree = "<group>"; };
		BD147D602899C7D7001B190D /* Info.plist */ = {isa = PBXFileReference; lastKnownFileType = text.plist.xml; path = Info.plist; sourceTree = "<group>"; };
		BD147D652899C7D7001B190D /* PopPop_projectTests.xctest */ = {isa = PBXFileReference; explicitFileType = wrapper.cfbundle; includeInIndex = 0; path = PopPop_projectTests.xctest; sourceTree = BUILT_PRODUCTS_DIR; };
		BD147D692899C7D7001B190D /* PopPop_projectTests.swift */ = {isa = PBXFileReference; lastKnownFileType = sourcecode.swift; path = PopPop_projectTests.swift; sourceTree = "<group>"; };
		BD147D6F2899C7D7001B190D /* PopPop_projectUITests.xctest */ = {isa = PBXFileReference; explicitFileType = wrapper.cfbundle; includeInIndex = 0; path = PopPop_projectUITests.xctest; sourceTree = BUILT_PRODUCTS_DIR; };
		BD147D732899C7D7001B190D /* PopPop_projectUITests.swift */ = {isa = PBXFileReference; lastKnownFileType = sourcecode.swift; path = PopPop_projectUITests.swift; sourceTree = "<group>"; };
		BD147D752899C7D7001B190D /* PopPop_projectUITestsLaunchTests.swift */ = {isa = PBXFileReference; lastKnownFileType = sourcecode.swift; path = PopPop_projectUITestsLaunchTests.swift; sourceTree = "<group>"; };
		BD147D822899EC16001B190D /* concertnearViewController.swift */ = {isa = PBXFileReference; lastKnownFileType = sourcecode.swift; path = concertnearViewController.swift; sourceTree = "<group>"; };
		BD147D842899EC52001B190D /* artistpageViewController.swift */ = {isa = PBXFileReference; lastKnownFileType = sourcecode.swift; path = artistpageViewController.swift; sourceTree = "<group>"; };
		BD147D862899EC76001B190D /* tourdateViewController.swift */ = {isa = PBXFileReference; lastKnownFileType = sourcecode.swift; path = tourdateViewController.swift; sourceTree = "<group>"; };
		BD147D882899EC8E001B190D /* venueinfoViewController.swift */ = {isa = PBXFileReference; lastKnownFileType = sourcecode.swift; path = venueinfoViewController.swift; sourceTree = "<group>"; };
		BD147D8A2899ED33001B190D /* archiveViewController.swift */ = {isa = PBXFileReference; lastKnownFileType = sourcecode.swift; path = archiveViewController.swift; sourceTree = "<group>"; };
/* End PBXFileReference section */

/* Begin PBXFrameworksBuildPhase section */
		BD147D492899C7D7001B190D /* Frameworks */ = {
			isa = PBXFrameworksBuildPhase;
			buildActionMask = 2147483647;
			files = (
			);
			runOnlyForDeploymentPostprocessing = 0;
		};
		BD147D622899C7D7001B190D /* Frameworks */ = {
			isa = PBXFrameworksBuildPhase;
			buildActionMask = 2147483647;
			files = (
			);
			runOnlyForDeploymentPostprocessing = 0;
		};
		BD147D6C2899C7D7001B190D /* Frameworks */ = {
			isa = PBXFrameworksBuildPhase;
			buildActionMask = 2147483647;
			files = (
			);
			runOnlyForDeploymentPostprocessing = 0;
		};
/* End PBXFrameworksBuildPhase section */

/* Begin PBXGroup section */
		BD147D432899C7D7001B190D = {
			isa = PBXGroup;
			children = (
				BD147D4E2899C7D7001B190D /* PopPop_project */,
				BD147D682899C7D7001B190D /* PopPop_projectTests */,
				BD147D722899C7D7001B190D /* PopPop_projectUITests */,
				BD147D4D2899C7D7001B190D /* Products */,
			);
			sourceTree = "<group>";
		};
		BD147D4D2899C7D7001B190D /* Products */ = {
			isa = PBXGroup;
			children = (
				BD147D4C2899C7D7001B190D /* PopPop_project.app */,
				BD147D652899C7D7001B190D /* PopPop_projectTests.xctest */,
				BD147D6F2899C7D7001B190D /* PopPop_projectUITests.xctest */,
			);
			name = Products;
			sourceTree = "<group>";
		};
		BD147D4E2899C7D7001B190D /* PopPop_project */ = {
			isa = PBXGroup;
			children = (
				BD147D4F2899C7D7001B190D /* AppDelegate.swift */,
				BD147D512899C7D7001B190D /* SceneDelegate.swift */,
				BD147D532899C7D7001B190D /* ViewController.swift */,
				BD147D552899C7D7001B190D /* Main.storyboard */,
				BD147D5B2899C7D7001B190D /* Assets.xcassets */,
				BD147D5D2899C7D7001B190D /* LaunchScreen.storyboard */,
				BD147D602899C7D7001B190D /* Info.plist */,
				BD147D582899C7D7001B190D /* PopPop_project.xcdatamodeld */,
				BD147D822899EC16001B190D /* concertnearViewController.swift */,
				BD147D842899EC52001B190D /* artistpageViewController.swift */,
				BD147D862899EC76001B190D /* tourdateViewController.swift */,
				BD147D882899EC8E001B190D /* venueinfoViewController.swift */,
				BD147D8A2899ED33001B190D /* archiveViewController.swift */,
			);
			path = PopPop_project;
			sourceTree = "<group>";
		};
		BD147D682899C7D7001B190D /* PopPop_projectTests */ = {
			isa = PBXGroup;
			children = (
				BD147D692899C7D7001B190D /* PopPop_projectTests.swift */,
			);
			path = PopPop_projectTests;
			sourceTree = "<group>";
		};
		BD147D722899C7D7001B190D /* PopPop_projectUITests */ = {
			isa = PBXGroup;
			children = (
				BD147D732899C7D7001B190D /* PopPop_projectUITests.swift */,
				BD147D752899C7D7001B190D /* PopPop_projectUITestsLaunchTests.swift */,
			);
			path = PopPop_projectUITests;
			sourceTree = "<group>";
		};
/* End PBXGroup section */

/* Begin PBXNativeTarget section */
		BD147D4B2899C7D7001B190D /* PopPop_project */ = {
			isa = PBXNativeTarget;
			buildConfigurationList = BD147D792899C7D7001B190D /* Build configuration list for PBXNativeTarget "PopPop_project" */;
			buildPhases = (
				BD147D482899C7D7001B190D /* Sources */,
				BD147D492899C7D7001B190D /* Frameworks */,
				BD147D4A2899C7D7001B190D /* Resources */,
			);
			buildRules = (
			);
			dependencies = (
			);
			name = PopPop_project;
			productName = PopPop_project;
			productReference = BD147D4C2899C7D7001B190D /* PopPop_project.app */;
			productType = "com.apple.product-type.application";
		};
		BD147D642899C7D7001B190D /* PopPop_projectTests */ = {
			isa = PBXNativeTarget;
			buildConfigurationList = BD147D7C2899C7D7001B190D /* Build configuration list for PBXNativeTarget "PopPop_projectTests" */;
			buildPhases = (
				BD147D612899C7D7001B190D /* Sources */,
				BD147D622899C7D7001B190D /* Frameworks */,
				BD147D632899C7D7001B190D /* Resources */,
			);
			buildRules = (
			);
			dependencies = (
				BD147D672899C7D7001B190D /* PBXTargetDependency */,
			);
			name = PopPop_projectTests;
			productName = PopPop_projectTests;
			productReference = BD147D652899C7D7001B190D /* PopPop_projectTests.xctest */;
			productType = "com.apple.product-type.bundle.unit-test";
		};
		BD147D6E2899C7D7001B190D /* PopPop_projectUITests */ = {
			isa = PBXNativeTarget;
			buildConfigurationList = BD147D7F2899C7D7001B190D /* Build configuration list for PBXNativeTarget "PopPop_projectUITests" */;
			buildPhases = (
				BD147D6B2899C7D7001B190D /* Sources */,
				BD147D6C2899C7D7001B190D /* Frameworks */,
				BD147D6D2899C7D7001B190D /* Resources */,
			);
			buildRules = (
			);
			dependencies = (
				BD147D712899C7D7001B190D /* PBXTargetDependency */,
			);
			name = PopPop_projectUITests;
			productName = PopPop_projectUITests;
			productReference = BD147D6F2899C7D7001B190D /* PopPop_projectUITests.xctest */;
			productType = "com.apple.product-type.bundle.ui-testing";
		};
/* End PBXNativeTarget section */

/* Begin PBXProject section */
		BD147D442899C7D7001B190D /* Project object */ = {
			isa = PBXProject;
			attributes = {
				BuildIndependentTargetsInParallel = 1;
				LastSwiftUpdateCheck = 1340;
				LastUpgradeCheck = 1340;
				TargetAttributes = {
					BD147D4B2899C7D7001B190D = {
						CreatedOnToolsVersion = 13.4.1;
					};
					BD147D642899C7D7001B190D = {
						CreatedOnToolsVersion = 13.4.1;
						TestTargetID = BD147D4B2899C7D7001B190D;
					};
					BD147D6E2899C7D7001B190D = {
						CreatedOnToolsVersion = 13.4.1;
						TestTargetID = BD147D4B2899C7D7001B190D;
					};
				};
			};
			buildConfigurationList = BD147D472899C7D7001B190D /* Build configuration list for PBXProject "PopPop_project" */;
			compatibilityVersion = "Xcode 13.0";
			developmentRegion = en;
			hasScannedForEncodings = 0;
			knownRegions = (
				en,
				Base,
			);
			mainGroup = BD147D432899C7D7001B190D;
			productRefGroup = BD147D4D2899C7D7001B190D /* Products */;
			projectDirPath = "";
			projectRoot = "";
			targets = (
				BD147D4B2899C7D7001B190D /* PopPop_project */,
				BD147D642899C7D7001B190D /* PopPop_projectTests */,
				BD147D6E2899C7D7001B190D /* PopPop_projectUITests */,
			);
		};
/* End PBXProject section */

/* Begin PBXResourcesBuildPhase section */
		BD147D4A2899C7D7001B190D /* Resources */ = {
			isa = PBXResourcesBuildPhase;
			buildActionMask = 2147483647;
			files = (
				BD147D5F2899C7D7001B190D /* LaunchScreen.storyboard in Resources */,
				BD147D5C2899C7D7001B190D /* Assets.xcassets in Resources */,
				BD147D572899C7D7001B190D /* Main.storyboard in Resources */,
			);
			runOnlyForDeploymentPostprocessing = 0;
		};
		BD147D632899C7D7001B190D /* Resources */ = {
			isa = PBXResourcesBuildPhase;
			buildActionMask = 2147483647;
			files = (
			);
			runOnlyForDeploymentPostprocessing = 0;
		};
		BD147D6D2899C7D7001B190D /* Resources */ = {
			isa = PBXResourcesBuildPhase;
			buildActionMask = 2147483647;
			files = (
			);
			runOnlyForDeploymentPostprocessing = 0;
		};
/* End PBXResourcesBuildPhase section */

/* Begin PBXSourcesBuildPhase section */
		BD147D482899C7D7001B190D /* Sources */ = {
			isa = PBXSourcesBuildPhase;
			buildActionMask = 2147483647;
			files = (
				BD147D852899EC52001B190D /* artistpageViewController.swift in Sources */,
				BD147D542899C7D7001B190D /* ViewController.swift in Sources */,
				BD147D502899C7D7001B190D /* AppDelegate.swift in Sources */,
				BD147D522899C7D7001B190D /* SceneDelegate.swift in Sources */,
				BD147D8B2899ED33001B190D /* archiveViewController.swift in Sources */,
				BD147D5A2899C7D7001B190D /* PopPop_project.xcdatamodeld in Sources */,
				BD147D872899EC76001B190D /* tourdateViewController.swift in Sources */,
				BD147D892899EC8E001B190D /* venueinfoViewController.swift in Sources */,
				BD147D832899EC16001B190D /* concertnearViewController.swift in Sources */,
			);
			runOnlyForDeploymentPostprocessing = 0;
		};
		BD147D612899C7D7001B190D /* Sources */ = {
			isa = PBXSourcesBuildPhase;
			buildActionMask = 2147483647;
			files = (
				BD147D6A2899C7D7001B190D /* PopPop_projectTests.swift in Sources */,
			);
			runOnlyForDeploymentPostprocessing = 0;
		};
		BD147D6B2899C7D7001B190D /* Sources */ = {
			isa = PBXSourcesBuildPhase;
			buildActionMask = 2147483647;
			files = (
				BD147D762899C7D7001B190D /* PopPop_projectUITestsLaunchTests.swift in Sources */,
				BD147D742899C7D7001B190D /* PopPop_projectUITests.swift in Sources */,
			);
			runOnlyForDeploymentPostprocessing = 0;
		};
/* End PBXSourcesBuildPhase section */

/* Begin PBXTargetDependency section */
		BD147D672899C7D7001B190D /* PBXTargetDependency */ = {
			isa = PBXTargetDependency;
			target = BD147D4B2899C7D7001B190D /* PopPop_project */;
			targetProxy = BD147D662899C7D7001B190D /* PBXContainerItemProxy */;
		};
		BD147D712899C7D7001B190D /* PBXTargetDependency */ = {
			isa = PBXTargetDependency;
			target = BD147D4B2899C7D7001B190D /* PopPop_project */;
			targetProxy = BD147D702899C7D7001B190D /* PBXContainerItemProxy */;
		};
/* End PBXTargetDependency section */

/* Begin PBXVariantGroup section */
		BD147D552899C7D7001B190D /* Main.storyboard */ = {
			isa = PBXVariantGroup;
			children = (
				BD147D562899C7D7001B190D /* Base */,
			);
			name = Main.storyboard;
			sourceTree = "<group>";
		};
		BD147D5D2899C7D7001B190D /* LaunchScreen.storyboard */ = {
			isa = PBXVariantGroup;
			children = (
				BD147D5E2899C7D7001B190D /* Base */,
			);
			name = LaunchScreen.storyboard;
			sourceTree = "<group>";
		};
/* End PBXVariantGroup section */

/* Begin XCBuildConfiguration section */
		BD147D772899C7D7001B190D /* Debug */ = {
			isa = XCBuildConfiguration;
			buildSettings = {
				ALWAYS_SEARCH_USER_PATHS = NO;
				CLANG_ANALYZER_NONNULL = YES;
				CLANG_ANALYZER_NUMBER_OBJECT_CONVERSION = YES_AGGRESSIVE;
				CLANG_CXX_LANGUAGE_STANDARD = "gnu++17";
				CLANG_ENABLE_MODULES = YES;
				CLANG_ENABLE_OBJC_ARC = YES;
				CLANG_ENABLE_OBJC_WEAK = YES;
				CLANG_WARN_BLOCK_CAPTURE_AUTORELEASING = YES;
				CLANG_WARN_BOOL_CONVERSION = YES;
				CLANG_WARN_COMMA = YES;
				CLANG_WARN_CONSTANT_CONVERSION = YES;
				CLANG_WARN_DEPRECATED_OBJC_IMPLEMENTATIONS = YES;
				CLANG_WARN_DIRECT_OBJC_ISA_USAGE = YES_ERROR;
				CLANG_WARN_DOCUMENTATION_COMMENTS = YES;
				CLANG_WARN_EMPTY_BODY = YES;
				CLANG_WARN_ENUM_CONVERSION = YES;
				CLANG_WARN_INFINITE_RECURSION = YES;
				CLANG_WARN_INT_CONVERSION = YES;
				CLANG_WARN_NON_LITERAL_NULL_CONVERSION = YES;
				CLANG_WARN_OBJC_IMPLICIT_RETAIN_SELF = YES;
				CLANG_WARN_OBJC_LITERAL_CONVERSION = YES;
				CLANG_WARN_OBJC_ROOT_CLASS = YES_ERROR;
				CLANG_WARN_QUOTED_INCLUDE_IN_FRAMEWORK_HEADER = YES;
				CLANG_WARN_RANGE_LOOP_ANALYSIS = YES;
				CLANG_WARN_STRICT_PROTOTYPES = YES;
				CLANG_WARN_SUSPICIOUS_MOVE = YES;
				CLANG_WARN_UNGUARDED_AVAILABILITY = YES_AGGRESSIVE;
				CLANG_WARN_UNREACHABLE_CODE = YES;
				CLANG_WARN__DUPLICATE_METHOD_MATCH = YES;
				COPY_PHASE_STRIP = NO;
				DEBUG_INFORMATION_FORMAT = dwarf;
				ENABLE_STRICT_OBJC_MSGSEND = YES;
				ENABLE_TESTABILITY = YES;
				GCC_C_LANGUAGE_STANDARD = gnu11;
				GCC_DYNAMIC_NO_PIC = NO;
				GCC_NO_COMMON_BLOCKS = YES;
				GCC_OPTIMIZATION_LEVEL = 0;
				GCC_PREPROCESSOR_DEFINITIONS = (
					"DEBUG=1",
					"$(inherited)",
				);
				GCC_WARN_64_TO_32_BIT_CONVERSION = YES;
				GCC_WARN_ABOUT_RETURN_TYPE = YES_ERROR;
				GCC_WARN_UNDECLARED_SELECTOR = YES;
				GCC_WARN_UNINITIALIZED_AUTOS = YES_AGGRESSIVE;
				GCC_WARN_UNUSED_FUNCTION = YES;
				GCC_WARN_UNUSED_VARIABLE = YES;
				IPHONEOS_DEPLOYMENT_TARGET = 15.5;
				MTL_ENABLE_DEBUG_INFO = INCLUDE_SOURCE;
				MTL_FAST_MATH = YES;
				ONLY_ACTIVE_ARCH = YES;
				SDKROOT = iphoneos;
				SWIFT_ACTIVE_COMPILATION_CONDITIONS = DEBUG;
				SWIFT_OPTIMIZATION_LEVEL = "-Onone";
			};
			name = Debug;
		};
		BD147D782899C7D7001B190D /* Release */ = {
			isa = XCBuildConfiguration;
			buildSettings = {
				ALWAYS_SEARCH_USER_PATHS = NO;
				CLANG_ANALYZER_NONNULL = YES;
				CLANG_ANALYZER_NUMBER_OBJECT_CONVERSION = YES_AGGRESSIVE;
				CLANG_CXX_LANGUAGE_STANDARD = "gnu++17";
				CLANG_ENABLE_MODULES = YES;
				CLANG_ENABLE_OBJC_ARC = YES;
				CLANG_ENABLE_OBJC_WEAK = YES;
				CLANG_WARN_BLOCK_CAPTURE_AUTORELEASING = YES;
				CLANG_WARN_BOOL_CONVERSION = YES;
				CLANG_WARN_COMMA = YES;
				CLANG_WARN_CONSTANT_CONVERSION = YES;
				CLANG_WARN_DEPRECATED_OBJC_IMPLEMENTATIONS = YES;
				CLANG_WARN_DIRECT_OBJC_ISA_USAGE = YES_ERROR;
				CLANG_WARN_DOCUMENTATION_COMMENTS = YES;
				CLANG_WARN_EMPTY_BODY = YES;
				CLANG_WARN_ENUM_CONVERSION = YES;
				CLANG_WARN_INFINITE_RECURSION = YES;
				CLANG_WARN_INT_CONVERSION = YES;
				CLANG_WARN_NON_LITERAL_NULL_CONVERSION = YES;
				CLANG_WARN_OBJC_IMPLICIT_RETAIN_SELF = YES;
				CLANG_WARN_OBJC_LITERAL_CONVERSION = YES;
				CLANG_WARN_OBJC_ROOT_CLASS = YES_ERROR;
				CLANG_WARN_QUOTED_INCLUDE_IN_FRAMEWORK_HEADER = YES;
				CLANG_WARN_RANGE_LOOP_ANALYSIS = YES;
				CLANG_WARN_STRICT_PROTOTYPES = YES;
				CLANG_WARN_SUSPICIOUS_MOVE = YES;
				CLANG_WARN_UNGUARDED_AVAILABILITY = YES_AGGRESSIVE;
				CLANG_WARN_UNREACHABLE_CODE = YES;
				CLANG_WARN__DUPLICATE_METHOD_MATCH = YES;
				COPY_PHASE_STRIP = NO;
				DEBUG_INFORMATION_FORMAT = "dwarf-with-dsym";
				ENABLE_NS_ASSERTIONS = NO;
				ENABLE_STRICT_OBJC_MSGSEND = YES;
				GCC_C_LANGUAGE_STANDARD = gnu11;
				GCC_NO_COMMON_BLOCKS = YES;
				GCC_WARN_64_TO_32_BIT_CONVERSION = YES;
				GCC_WARN_ABOUT_RETURN_TYPE = YES_ERROR;
				GCC_WARN_UNDECLARED_SELECTOR = YES;
				GCC_WARN_UNINITIALIZED_AUTOS = YES_AGGRESSIVE;
				GCC_WARN_UNUSED_FUNCTION = YES;
				GCC_WARN_UNUSED_VARIABLE = YES;
				IPHONEOS_DEPLOYMENT_TARGET = 15.5;
				MTL_ENABLE_DEBUG_INFO = NO;
				MTL_FAST_MATH = YES;
				SDKROOT = iphoneos;
				SWIFT_COMPILATION_MODE = wholemodule;
				SWIFT_OPTIMIZATION_LEVEL = "-O";
				VALIDATE_PRODUCT = YES;
			};
			name = Release;
		};
		BD147D7A2899C7D7001B190D /* Debug */ = {
			isa = XCBuildConfiguration;
			buildSettings = {
				ASSETCATALOG_COMPILER_APPICON_NAME = AppIcon;
				ASSETCATALOG_COMPILER_GLOBAL_ACCENT_COLOR_NAME = AccentColor;
				CODE_SIGN_STYLE = Automatic;
				CURRENT_PROJECT_VERSION = 1;
				GENERATE_INFOPLIST_FILE = YES;
				INFOPLIST_FILE = PopPop_project/Info.plist;
				INFOPLIST_KEY_UIApplicationSupportsIndirectInputEvents = YES;
				INFOPLIST_KEY_UILaunchStoryboardName = LaunchScreen;
				INFOPLIST_KEY_UIMainStoryboardFile = Main;
				INFOPLIST_KEY_UISupportedInterfaceOrientations_iPad = "UIInterfaceOrientationPortrait UIInterfaceOrientationPortraitUpsideDown UIInterfaceOrientationLandscapeLeft UIInterfaceOrientationLandscapeRight";
				INFOPLIST_KEY_UISupportedInterfaceOrientations_iPhone = "UIInterfaceOrientationPortrait UIInterfaceOrientationLandscapeLeft UIInterfaceOrientationLandscapeRight";
				LD_RUNPATH_SEARCH_PATHS = (
					"$(inherited)",
					"@executable_path/Frameworks",
				);
				MARKETING_VERSION = 1.0;
				PRODUCT_BUNDLE_IDENTIFIER = "kwk.PopPop-project";
				PRODUCT_NAME = "$(TARGET_NAME)";
				SWIFT_EMIT_LOC_STRINGS = YES;
				SWIFT_VERSION = 5.0;
				TARGETED_DEVICE_FAMILY = "1,2";
			};
			name = Debug;
		};
		BD147D7B2899C7D7001B190D /* Release */ = {
			isa = XCBuildConfiguration;
			buildSettings = {
				ASSETCATALOG_COMPILER_APPICON_NAME = AppIcon;
				ASSETCATALOG_COMPILER_GLOBAL_ACCENT_COLOR_NAME = AccentColor;
				CODE_SIGN_STYLE = Automatic;
				CURRENT_PROJECT_VERSION = 1;
				GENERATE_INFOPLIST_FILE = YES;
				INFOPLIST_FILE = PopPop_project/Info.plist;
				INFOPLIST_KEY_UIApplicationSupportsIndirectInputEvents = YES;
				INFOPLIST_KEY_UILaunchStoryboardName = LaunchScreen;
				INFOPLIST_KEY_UIMainStoryboardFile = Main;
				INFOPLIST_KEY_UISupportedInterfaceOrientations_iPad = "UIInterfaceOrientationPortrait UIInterfaceOrientationPortraitUpsideDown UIInterfaceOrientationLandscapeLeft UIInterfaceOrientationLandscapeRight";
				INFOPLIST_KEY_UISupportedInterfaceOrientations_iPhone = "UIInterfaceOrientationPortrait UIInterfaceOrientationLandscapeLeft UIInterfaceOrientationLandscapeRight";
				LD_RUNPATH_SEARCH_PATHS = (
					"$(inherited)",
					"@executable_path/Frameworks",
				);
				MARKETING_VERSION = 1.0;
				PRODUCT_BUNDLE_IDENTIFIER = "kwk.PopPop-project";
				PRODUCT_NAME = "$(TARGET_NAME)";
				SWIFT_EMIT_LOC_STRINGS = YES;
				SWIFT_VERSION = 5.0;
				TARGETED_DEVICE_FAMILY = "1,2";
			};
			name = Release;
		};
		BD147D7D2899C7D7001B190D /* Debug */ = {
			isa = XCBuildConfiguration;
			buildSettings = {
				ALWAYS_EMBED_SWIFT_STANDARD_LIBRARIES = YES;
				BUNDLE_LOADER = "$(TEST_HOST)";
				CODE_SIGN_STYLE = Automatic;
				CURRENT_PROJECT_VERSION = 1;
				GENERATE_INFOPLIST_FILE = YES;
				IPHONEOS_DEPLOYMENT_TARGET = 15.5;
				MARKETING_VERSION = 1.0;
				PRODUCT_BUNDLE_IDENTIFIER = "kwk.PopPop-projectTests";
				PRODUCT_NAME = "$(TARGET_NAME)";
				SWIFT_EMIT_LOC_STRINGS = NO;
				SWIFT_VERSION = 5.0;
				TARGETED_DEVICE_FAMILY = "1,2";
				TEST_HOST = "$(BUILT_PRODUCTS_DIR)/PopPop_project.app/PopPop_project";
			};
			name = Debug;
		};
		BD147D7E2899C7D7001B190D /* Release */ = {
			isa = XCBuildConfiguration;
			buildSettings = {
				ALWAYS_EMBED_SWIFT_STANDARD_LIBRARIES = YES;
				BUNDLE_LOADER = "$(TEST_HOST)";
				CODE_SIGN_STYLE = Automatic;
				CURRENT_PROJECT_VERSION = 1;
				GENERATE_INFOPLIST_FILE = YES;
				IPHONEOS_DEPLOYMENT_TARGET = 15.5;
				MARKETING_VERSION = 1.0;
				PRODUCT_BUNDLE_IDENTIFIER = "kwk.PopPop-projectTests";
				PRODUCT_NAME = "$(TARGET_NAME)";
				SWIFT_EMIT_LOC_STRINGS = NO;
				SWIFT_VERSION = 5.0;
				TARGETED_DEVICE_FAMILY = "1,2";
				TEST_HOST = "$(BUILT_PRODUCTS_DIR)/PopPop_project.app/PopPop_project";
			};
			name = Release;
		};
		BD147D802899C7D7001B190D /* Debug */ = {
			isa = XCBuildConfiguration;
			buildSettings = {
				ALWAYS_EMBED_SWIFT_STANDARD_LIBRARIES = YES;
				CODE_SIGN_STYLE = Automatic;
				CURRENT_PROJECT_VERSION = 1;
				GENERATE_INFOPLIST_FILE = YES;
				MARKETING_VERSION = 1.0;
				PRODUCT_BUNDLE_IDENTIFIER = "kwk.PopPop-projectUITests";
				PRODUCT_NAME = "$(TARGET_NAME)";
				SWIFT_EMIT_LOC_STRINGS = NO;
				SWIFT_VERSION = 5.0;
				TARGETED_DEVICE_FAMILY = "1,2";
				TEST_TARGET_NAME = PopPop_project;
			};
			name = Debug;
		};
		BD147D812899C7D7001B190D /* Release */ = {
			isa = XCBuildConfiguration;
			buildSettings = {
				ALWAYS_EMBED_SWIFT_STANDARD_LIBRARIES = YES;
				CODE_SIGN_STYLE = Automatic;
				CURRENT_PROJECT_VERSION = 1;
				GENERATE_INFOPLIST_FILE = YES;
				MARKETING_VERSION = 1.0;
				PRODUCT_BUNDLE_IDENTIFIER = "kwk.PopPop-projectUITests";
				PRODUCT_NAME = "$(TARGET_NAME)";
				SWIFT_EMIT_LOC_STRINGS = NO;
				SWIFT_VERSION = 5.0;
				TARGETED_DEVICE_FAMILY = "1,2";
				TEST_TARGET_NAME = PopPop_project;
			};
			name = Release;
		};
/* End XCBuildConfiguration section */

/* Begin XCConfigurationList section */
		BD147D472899C7D7001B190D /* Build configuration list for PBXProject "PopPop_project" */ = {
			isa = XCConfigurationList;
			buildConfigurations = (
				BD147D772899C7D7001B190D /* Debug */,
				BD147D782899C7D7001B190D /* Release */,
			);
			defaultConfigurationIsVisible = 0;
			defaultConfigurationName = Release;
		};
		BD147D792899C7D7001B190D /* Build configuration list for PBXNativeTarget "PopPop_project" */ = {
			isa = XCConfigurationList;
			buildConfigurations = (
				BD147D7A2899C7D7001B190D /* Debug */,
				BD147D7B2899C7D7001B190D /* Release */,
			);
			defaultConfigurationIsVisible = 0;
			defaultConfigurationName = Release;
		};
		BD147D7C2899C7D7001B190D /* Build configuration list for PBXNativeTarget "PopPop_projectTests" */ = {
			isa = XCConfigurationList;
			buildConfigurations = (
				BD147D7D2899C7D7001B190D /* Debug */,
				BD147D7E2899C7D7001B190D /* Release */,
			);
			defaultConfigurationIsVisible = 0;
			defaultConfigurationName = Release;
		};
		BD147D7F2899C7D7001B190D /* Build configuration list for PBXNativeTarget "PopPop_projectUITests" */ = {
			isa = XCConfigurationList;
			buildConfigurations = (
				BD147D802899C7D7001B190D /* Debug */,
				BD147D812899C7D7001B190D /* Release */,
			);
			defaultConfigurationIsVisible = 0;
			defaultConfigurationName = Release;
		};
/* End XCConfigurationList section */

/* Begin XCVersionGroup section */
		BD147D582899C7D7001B190D /* PopPop_project.xcdatamodeld */ = {
			isa = XCVersionGroup;
			children = (
				BD147D592899C7D7001B190D /* PopPop_project.xcdatamodel */,
			);
			currentVersion = BD147D592899C7D7001B190D /* PopPop_project.xcdatamodel */;
			path = PopPop_project.xcdatamodeld;
			sourceTree = "<group>";
			versionGroupType = wrapper.xcdatamodel;
		};
/* End XCVersionGroup section */
	};
	rootObject = BD147D442899C7D7001B190D /* Project object */;
}
